
Microsoft Visual Studio Solution File, Format Version 12.00
# Visual Studio Version 17
VisualStudioVersion = 17.4.33103.184
MinimumVisualStudioVersion = 10.0.40219.1
Project("{FAE04EC0-301F-11D3-BF4B-00C04F79EFBC}") = "AnidbExportParser", "AnidbExportParser\AnidbExportParser.csproj", "{9928F85B-F64B-4840-92B1-840D7719756D}"
EndProject
Project("{FAE04EC0-301F-11D3-BF4B-00C04F79EFBC}") = "ParserConsole", "ParserConsole\ParserConsole.csproj", "{CC81330C-5D27-4313-8C08-182EFC7821F8}"
EndProject
Global
	GlobalSection(SolutionConfigurationPlatforms) = preSolution
		Debug|Any CPU = Debug|Any CPU
		Release|Any CPU = Release|Any CPU
	EndGlobalSection
	GlobalSection(ProjectConfigurationPlatforms) = postSolution
		{9928F85B-F64B-4840-92B1-840D7719756D}.Debug|Any CPU.ActiveCfg = Debug|Any CPU
		{9928F85B-F64B-4840-92B1-840D7719756D}.Debug|Any CPU.Build.0 = Debug|Any CPU
		{9928F85B-F64B-4840-92B1-840D7719756D}.Release|Any CPU.ActiveCfg = Release|Any CPU
		{9928F85B-F64B-4840-92B1-840D7719756D}.Release|Any CPU.Build.0 = Release|Any CPU
		{CC81330C-5D27-4313-8C08-182EFC7821F8}.Debug|Any CPU.ActiveCfg = Debug|Any CPU
		{CC81330C-5D27-4313-8C08-182EFC7821F8}.Debug|Any CPU.Build.0 = Debug|Any CPU
		{CC81330C-5D27-4313-8C08-182EFC7821F8}.Release|Any CPU.ActiveCfg = Release|Any CPU
		{CC81330C-5D27-4313-8C08-182EFC7821F8}.Release|Any CPU.Build.0 = Release|Any CPU
	EndGlobalSection
	GlobalSection(SolutionProperties) = preSolution
		HideSolutionNode = FALSE
	EndGlobalSection
	GlobalSection(ExtensibilityGlobals) = postSolution
		SolutionGuid = {65D9A71B-BA18-4654-AB4A-F6066DA6D107}
	EndGlobalSection
EndGlobal
